{
  "name": "beat-analysis",
  "lockfileVersion": 3,
  "requires": true,
  "packages": {
    "": {
      "name": "beat-analysis",
      "dependencies": {
        "music-tempo": "^1.0.3"
      }
    },
    "node_modules/music-tempo": {
      "version": "1.0.3",
      "resolved": "https://registry.npmjs.org/music-tempo/-/music-tempo-1.0.3.tgz",
      "integrity": "sha512-qAocTKLp3jaSeJLeGs98mkkpLYDFM1VCevA1OPFJvLPkHlzwTLUxChXMgnxZRHKSJQ13DuaT+Fr51BEUb2D4pQ==",
      "license": "MIT"
    }
  }
}
